
Microsoft Visual Studio Solution File, Format Version 12.00
# Visual Studio Version 17
VisualStudioVersion = 17.12.35323.107
MinimumVisualStudioVersion = 10.0.40219.1
Project("{FAE04EC0-301F-11D3-BF4B-00C04F79EFBC}") = "Sinema_Büfe_Satış_Uygulaması", "Sinema_Büfe_Satış_Uygulaması.csproj", "{56AF68C3-DB1E-434D-A74A-3AAA24EA4E76}"
EndProject
Global
	GlobalSection(SolutionConfigurationPlatforms) = preSolution
		Debug|Any CPU = Debug|Any CPU
		Release|Any CPU = Release|Any CPU
	EndGlobalSection
	GlobalSection(ProjectConfigurationPlatforms) = postSolution
		{56AF68C3-DB1E-434D-A74A-3AAA24EA4E76}.Debug|Any CPU.ActiveCfg = Debug|Any CPU
		{56AF68C3-DB1E-434D-A74A-3AAA24EA4E76}.Debug|Any CPU.Build.0 = Debug|Any CPU
		{56AF68C3-DB1E-434D-A74A-3AAA24EA4E76}.Release|Any CPU.ActiveCfg = Release|Any CPU
		{56AF68C3-DB1E-434D-A74A-3AAA24EA4E76}.Release|Any CPU.Build.0 = Release|Any CPU
	EndGlobalSection
	GlobalSection(SolutionProperties) = preSolution
		HideSolutionNode = FALSE
	EndGlobalSection
	GlobalSection(ExtensibilityGlobals) = postSolution
		SolutionGuid = {33CD5238-A6FE-4A85-86AC-C31472607B3D}
	EndGlobalSection
EndGlobal
